// !$*UTF8*$!
{
	archiveVersion = 1;
	classes = {
	};
	objectVersion = 46;
	objects = {

/* Begin PBXBuildFile section */
		D7141F8C1F3BE8E300D807AD /* AppDelegate.swift in Sources */ = {isa = PBXBuildFile; fileRef = D7141F8B1F3BE8E300D807AD /* AppDelegate.swift */; };
		D7141F8E1F3BE8E300D807AD /* ViewController.swift in Sources */ = {isa = PBXBuildFile; fileRef = D7141F8D1F3BE8E300D807AD /* ViewController.swift */; };
		D7141F911F3BE8E300D807AD /* Main.storyboard in Resources */ = {isa = PBXBuildFile; fileRef = D7141F8F1F3BE8E300D807AD /* Main.storyboard */; };
		D7141F941F3BE8E300D807AD /* ListerApp.xcdatamodeld in Sources */ = {isa = PBXBuildFile; fileRef = D7141F921F3BE8E300D807AD /* ListerApp.xcdatamodeld */; };
		D7141F961F3BE8E300D807AD /* Assets.xcassets in Resources */ = {isa = PBXBuildFile; fileRef = D7141F951F3BE8E300D807AD /* Assets.xcassets */; };
		D7141F991F3BE8E300D807AD /* LaunchScreen.storyboard in Resources */ = {isa = PBXBuildFile; fileRef = D7141F971F3BE8E300D807AD /* LaunchScreen.storyboard */; };
		D7B4743C1F3BFD8F00C4746E /* ItemCell.swift in Sources */ = {isa = PBXBuildFile; fileRef = D7B4743B1F3BFD8F00C4746E /* ItemCell.swift */; };
/* End PBXBuildFile section */

/* Begin PBXFileReference section */
		D7141F881F3BE8E300D807AD /* ListerApp.app */ = {isa = PBXFileReference; explicitFileType = wrapper.application; includeInIndex = 0; path = ListerApp.app; sourceTree = BUILT_PRODUCTS_DIR; };
		D7141F8B1F3BE8E300D807AD /* AppDelegate.swift */ = {isa = PBXFileReference; lastKnownFileType = sourcecode.swift; path = AppDelegate.swift; sourceTree = "<group>"; };
		D7141F8D1F3BE8E300D807AD /* ViewController.swift */ = {isa = PBXFileReference; lastKnownFileType = sourcecode.swift; path = ViewController.swift; sourceTree = "<group>"; };
		D7141F901F3BE8E300D807AD /* Base */ = {isa = PBXFileReference; lastKnownFileType = file.storyboard; name = Base; path = Base.lproj/Main.storyboard; sourceTree = "<group>"; };
		D7141F931F3BE8E300D807AD /* ListerApp.xcdatamodel */ = {isa = PBXFileReference; lastKnownFileType = wrapper.xcdatamodel; path = ListerApp.xcdatamodel; sourceTree = "<group>"; };
		D7141F951F3BE8E300D807AD /* Assets.xcassets */ = {isa = PBXFileReference; lastKnownFileType = folder.assetcatalog; path = Assets.xcassets; sourceTree = "<group>"; };
		D7141F981F3BE8E300D807AD /* Base */ = {isa = PBXFileReference; lastKnownFileType = file.storyboard; name = Base; path = Base.lproj/LaunchScreen.storyboard; sourceTree = "<group>"; };
		D7141F9A1F3BE8E300D807AD /* Info.plist */ = {isa = PBXFileReference; lastKnownFileType = text.plist.xml; path = Info.plist; sourceTree = "<group>"; };
		D7B4743B1F3BFD8F00C4746E /* ItemCell.swift */ = {isa = PBXFileReference; fileEncoding = 4; lastKnownFileType = sourcecode.swift; path = ItemCell.swift; sourceTree = "<group>"; };
/* End PBXFileReference section */

/* Begin PBXFrameworksBuildPhase section */
		D7141F851F3BE8E300D807AD /* Frameworks */ = {
			isa = PBXFrameworksBuildPhase;
			buildActionMask = 2147483647;
			files = (
			);
			runOnlyForDeploymentPostprocessing = 0;
		};
/* End PBXFrameworksBuildPhase section */

/* Begin PBXGroup section */
		D7141F7F1F3BE8E300D807AD = {
			isa = PBXGroup;
			children = (
				D7141F8A1F3BE8E300D807AD /* ListerApp */,
				D7141F891F3BE8E300D807AD /* Products */,
			);
			sourceTree = "<group>";
		};
		D7141F891F3BE8E300D807AD /* Products */ = {
			isa = PBXGroup;
			children = (
				D7141F881F3BE8E300D807AD /* ListerApp.app */,
			);
			name = Products;
			sourceTree = "<group>";
		};
		D7141F8A1F3BE8E300D807AD /* ListerApp */ = {
			isa = PBXGroup;
			children = (
				D7B4743D1F3BFD9700C4746E /* View */,
				D7141F8B1F3BE8E300D807AD /* AppDelegate.swift */,
				D7141F8D1F3BE8E300D807AD /* ViewController.swift */,
				D7141F8F1F3BE8E300D807AD /* Main.storyboard */,
				D7141F951F3BE8E300D807AD /* Assets.xcassets */,
				D7141F971F3BE8E300D807AD /* LaunchScreen.storyboard */,
				D7141F9A1F3BE8E300D807AD /* Info.plist */,
				D7141F921F3BE8E300D807AD /* ListerApp.xcdatamodeld */,
			);
			path = ListerApp;
			sourceTree = "<group>";
		};
		D7B4743D1F3BFD9700C4746E /* View */ = {
			isa = PBXGroup;
			children = (
				D7B4743B1F3BFD8F00C4746E /* ItemCell.swift */,
			);
			name = View;
			sourceTree = "<group>";
		};
/* End PBXGroup section */

/* Begin PBXNativeTarget section */
		D7141F871F3BE8E300D807AD /* ListerApp */ = {
			isa = PBXNativeTarget;
			buildConfigurationList = D7141F9D1F3BE8E300D807AD /* Build configuration list for PBXNativeTarget "ListerApp" */;
			buildPhases = (
				D7141F841F3BE8E300D807AD /* Sources */,
				D7141F851F3BE8E300D807AD /* Frameworks */,
				D7141F861F3BE8E300D807AD /* Resources */,
			);
			buildRules = (
			);
			dependencies = (
			);
			name = ListerApp;
			productName = ListerApp;
			productReference = D7141F881F3BE8E300D807AD /* ListerApp.app */;
			productType = "com.apple.product-type.application";
		};
/* End PBXNativeTarget section */

/* Begin PBXProject section */
		D7141F801F3BE8E300D807AD /* Project object */ = {
			isa = PBXProject;
			attributes = {
				LastSwiftUpdateCheck = 0830;
				LastUpgradeCheck = 0830;
				ORGANIZATIONNAME = "Aji Saputra Raka Siwi";
				TargetAttributes = {
					D7141F871F3BE8E300D807AD = {
						CreatedOnToolsVersion = 8.3.2;
						DevelopmentTeam = 9Y224ZS8GH;
						ProvisioningStyle = Automatic;
					};
				};
			};
			buildConfigurationList = D7141F831F3BE8E300D807AD /* Build configuration list for PBXProject "ListerApp" */;
			compatibilityVersion = "Xcode 3.2";
			developmentRegion = English;
			hasScannedForEncodings = 0;
			knownRegions = (
				en,
				Base,
			);
			mainGroup = D7141F7F1F3BE8E300D807AD;
			productRefGroup = D7141F891F3BE8E300D807AD /* Products */;
			projectDirPath = "";
			projectRoot = "";
			targets = (
				D7141F871F3BE8E300D807AD /* ListerApp */,
			);
		};
/* End PBXProject section */

/* Begin PBXResourcesBuildPhase section */
		D7141F861F3BE8E300D807AD /* Resources */ = {
			isa = PBXResourcesBuildPhase;
			buildActionMask = 2147483647;
			files = (
				D7141F991F3BE8E300D807AD /* LaunchScreen.storyboard in Resources */,
				D7141F961F3BE8E300D807AD /* Assets.xcassets in Resources */,
				D7141F911F3BE8E300D807AD /* Main.storyboard in Resources */,
			);
			runOnlyForDeploymentPostprocessing = 0;
		};
/* End PBXResourcesBuildPhase section */

/* Begin PBXSourcesBuildPhase section */
		D7141F841F3BE8E300D807AD /* Sources */ = {
			isa = PBXSourcesBuildPhase;
			buildActionMask = 2147483647;
			files = (
				D7B4743C1F3BFD8F00C4746E /* ItemCell.swift in Sources */,
				D7141F941F3BE8E300D807AD /* ListerApp.xcdatamodeld in Sources */,
				D7141F8E1F3BE8E300D807AD /* ViewController.swift in Sources */,
				D7141F8C1F3BE8E300D807AD /* AppDelegate.swift in Sources */,
			);
			runOnlyForDeploymentPostprocessing = 0;
		};
/* End PBXSourcesBuildPhase section */

/* Begin PBXVariantGroup section */
		D7141F8F1F3BE8E300D807AD /* Main.storyboard */ = {
			isa = PBXVariantGroup;
			children = (
				D7141F901F3BE8E300D807AD /* Base */,
			);
			name = Main.storyboard;
			sourceTree = "<group>";
		};
		D7141F971F3BE8E300D807AD /* LaunchScreen.storyboard */ = {
			isa = PBXVariantGroup;
			children = (
				D7141F981F3BE8E300D807AD /* Base */,
			);
			name = LaunchScreen.storyboard;
			sourceTree = "<group>";
		};
/* End PBXVariantGroup section */

/* Begin XCBuildConfiguration section */
		D7141F9B1F3BE8E300D807AD /* Debug */ = {
			isa = XCBuildConfiguration;
			buildSettings = {
				ALWAYS_SEARCH_USER_PATHS = NO;
				CLANG_ANALYZER_NONNULL = YES;
				CLANG_ANALYZER_NUMBER_OBJECT_CONVERSION = YES_AGGRESSIVE;
				CLANG_CXX_LANGUAGE_STANDARD = "gnu++0x";
				CLANG_CXX_LIBRARY = "libc++";
				CLANG_ENABLE_MODULES = YES;
				CLANG_ENABLE_OBJC_ARC = YES;
				CLANG_WARN_BOOL_CONVERSION = YES;
				CLANG_WARN_CONSTANT_CONVERSION = YES;
				CLANG_WARN_DIRECT_OBJC_ISA_USAGE = YES_ERROR;
				CLANG_WARN_DOCUMENTATION_COMMENTS = YES;
				CLANG_WARN_EMPTY_BODY = YES;
				CLANG_WARN_ENUM_CONVERSION = YES;
				CLANG_WARN_INFINITE_RECURSION = YES;
				CLANG_WARN_INT_CONVERSION = YES;
				CLANG_WARN_OBJC_ROOT_CLASS = YES_ERROR;
				CLANG_WARN_SUSPICIOUS_MOVE = YES;
				CLANG_WARN_UNREACHABLE_CODE = YES;
				CLANG_WARN__DUPLICATE_METHOD_MATCH = YES;
				"CODE_SIGN_IDENTITY[sdk=iphoneos*]" = "iPhone Developer";
				COPY_PHASE_STRIP = NO;
				DEBUG_INFORMATION_FORMAT = dwarf;
				ENABLE_STRICT_OBJC_MSGSEND = YES;
				ENABLE_TESTABILITY = YES;
				GCC_C_LANGUAGE_STANDARD = gnu99;
				GCC_DYNAMIC_NO_PIC = NO;
				GCC_NO_COMMON_BLOCKS = YES;
				GCC_OPTIMIZATION_LEVEL = 0;
				GCC_PREPROCESSOR_DEFINITIONS = (
					"DEBUG=1",
					"$(inherited)",
				);
				GCC_WARN_64_TO_32_BIT_CONVERSION = YES;
				GCC_WARN_ABOUT_RETURN_TYPE = YES_ERROR;
				GCC_WARN_UNDECLARED_SELECTOR = YES;
				GCC_WARN_UNINITIALIZED_AUTOS = YES_AGGRESSIVE;
				GCC_WARN_UNUSED_FUNCTION = YES;
				GCC_WARN_UNUSED_VARIABLE = YES;
				IPHONEOS_DEPLOYMENT_TARGET = 10.3;
				MTL_ENABLE_DEBUG_INFO = YES;
				ONLY_ACTIVE_ARCH = YES;
				SDKROOT = iphoneos;
				SWIFT_ACTIVE_COMPILATION_CONDITIONS = DEBUG;
				SWIFT_OPTIMIZATION_LEVEL = "-Onone";
				TARGETED_DEVICE_FAMILY = "1,2";
			};
			name = Debug;
		};
		D7141F9C1F3BE8E300D807AD /* Release */ = {
			isa = XCBuildConfiguration;
			buildSettings = {
				ALWAYS_SEARCH_USER_PATHS = NO;
				CLANG_ANALYZER_NONNULL = YES;
				CLANG_ANALYZER_NUMBER_OBJECT_CONVERSION = YES_AGGRESSIVE;
				CLANG_CXX_LANGUAGE_STANDARD = "gnu++0x";
				CLANG_CXX_LIBRARY = "libc++";
				CLANG_ENABLE_MODULES = YES;
				CLANG_ENABLE_OBJC_ARC = YES;
				CLANG_WARN_BOOL_CONVERSION = YES;
				CLANG_WARN_CONSTANT_CONVERSION = YES;
				CLANG_WARN_DIRECT_OBJC_ISA_USAGE = YES_ERROR;
				CLANG_WARN_DOCUMENTATION_COMMENTS = YES;
				CLANG_WARN_EMPTY_BODY = YES;
				CLANG_WARN_ENUM_CONVERSION = YES;
				CLANG_WARN_INFINITE_RECURSION = YES;
				CLANG_WARN_INT_CONVERSION = YES;
				CLANG_WARN_OBJC_ROOT_CLASS = YES_ERROR;
				CLANG_WARN_SUSPICIOUS_MOVE = YES;
				CLANG_WARN_UNREACHABLE_CODE = YES;
				CLANG_WARN__DUPLICATE_METHOD_MATCH = YES;
				"CODE_SIGN_IDENTITY[sdk=iphoneos*]" = "iPhone Developer";
				COPY_PHASE_STRIP = NO;
				DEBUG_INFORMATION_FORMAT = "dwarf-with-dsym";
				ENABLE_NS_ASSERTIONS = NO;
				ENABLE_STRICT_OBJC_MSGSEND = YES;
				GCC_C_LANGUAGE_STANDARD = gnu99;
				GCC_NO_COMMON_BLOCKS = YES;
				GCC_WARN_64_TO_32_BIT_CONVERSION = YES;
				GCC_WARN_ABOUT_RETURN_TYPE = YES_ERROR;
				GCC_WARN_UNDECLARED_SELECTOR = YES;
				GCC_WARN_UNINITIALIZED_AUTOS = YES_AGGRESSIVE;
				GCC_WARN_UNUSED_FUNCTION = YES;
				GCC_WARN_UNUSED_VARIABLE = YES;
				IPHONEOS_DEPLOYMENT_TARGET = 10.3;
				MTL_ENABLE_DEBUG_INFO = NO;
				SDKROOT = iphoneos;
				SWIFT_OPTIMIZATION_LEVEL = "-Owholemodule";
				TARGETED_DEVICE_FAMILY = "1,2";
				VALIDATE_PRODUCT = YES;
			};
			name = Release;
		};
		D7141F9E1F3BE8E300D807AD /* Debug */ = {
			isa = XCBuildConfiguration;
			buildSettings = {
				ASSETCATALOG_COMPILER_APPICON_NAME = AppIcon;
				DEVELOPMENT_TEAM = 9Y224ZS8GH;
				INFOPLIST_FILE = ListerApp/Info.plist;
				LD_RUNPATH_SEARCH_PATHS = "$(inherited) @executable_path/Frameworks";
				PRODUCT_BUNDLE_IDENTIFIER = com.ajisaputrars.ListerApp;
				PRODUCT_NAME = "$(TARGET_NAME)";
				SWIFT_VERSION = 3.0;
			};
			name = Debug;
		};
		D7141F9F1F3BE8E300D807AD /* Release */ = {
			isa = XCBuildConfiguration;
			buildSettings = {
				ASSETCATALOG_COMPILER_APPICON_NAME = AppIcon;
				DEVELOPMENT_TEAM = 9Y224ZS8GH;
				INFOPLIST_FILE = ListerApp/Info.plist;
				LD_RUNPATH_SEARCH_PATHS = "$(inherited) @executable_path/Frameworks";
				PRODUCT_BUNDLE_IDENTIFIER = com.ajisaputrars.ListerApp;
				PRODUCT_NAME = "$(TARGET_NAME)";
				SWIFT_VERSION = 3.0;
			};
			name = Release;
		};
/* End XCBuildConfiguration section */

/* Begin XCConfigurationList section */
		D7141F831F3BE8E300D807AD /* Build configuration list for PBXProject "ListerApp" */ = {
			isa = XCConfigurationList;
			buildConfigurations = (
				D7141F9B1F3BE8E300D807AD /* Debug */,
				D7141F9C1F3BE8E300D807AD /* Release */,
			);
			defaultConfigurationIsVisible = 0;
			defaultConfigurationName = Release;
		};
		D7141F9D1F3BE8E300D807AD /* Build configuration list for PBXNativeTarget "ListerApp" */ = {
			isa = XCConfigurationList;
			buildConfigurations = (
				D7141F9E1F3BE8E300D807AD /* Debug */,
				D7141F9F1F3BE8E300D807AD /* Release */,
			);
			defaultConfigurationIsVisible = 0;
			defaultConfigurationName = Release;
		};
/* End XCConfigurationList section */

/* Begin XCVersionGroup section */
		D7141F921F3BE8E300D807AD /* ListerApp.xcdatamodeld */ = {
			isa = XCVersionGroup;
			children = (
				D7141F931F3BE8E300D807AD /* ListerApp.xcdatamodel */,
			);
			currentVersion = D7141F931F3BE8E300D807AD /* ListerApp.xcdatamodel */;
			path = ListerApp.xcdatamodeld;
			sourceTree = "<group>";
			versionGroupType = wrapper.xcdatamodel;
		};
/* End XCVersionGroup section */
	};
	rootObject = D7141F801F3BE8E300D807AD /* Project object */;
}
